
Microsoft Visual Studio Solution File, Format Version 12.00
# Visual Studio Version 17
VisualStudioVersion = 17.11.35327.3
MinimumVisualStudioVersion = 10.0.40219.1
Project("{FAE04EC0-301F-11D3-BF4B-00C04F79EFBC}") = "ProductOrdersProject", "ProductOrdersProject.csproj", "{12EB6382-4740-4C06-BA2C-C6E47F27C411}"
EndProject
Project("{FAE04EC0-301F-11D3-BF4B-00C04F79EFBC}") = "Shared", "..\Shared\Shared.csproj", "{D66D43AC-C094-4061-A597-0DFFD8FC8E6E}"
EndProject
Project("{FAE04EC0-301F-11D3-BF4B-00C04F79EFBC}") = "PaymentProject", "..\PaymentService\PaymentProject.csproj", "{19F617E8-82E5-4956-857E-C78A42A7127C}"
EndProject
Global
	GlobalSection(SolutionConfigurationPlatforms) = preSolution
		Debug|Any CPU = Debug|Any CPU
		Release|Any CPU = Release|Any CPU
	EndGlobalSection
	GlobalSection(ProjectConfigurationPlatforms) = postSolution
		{12EB6382-4740-4C06-BA2C-C6E47F27C411}.Debug|Any CPU.ActiveCfg = Debug|Any CPU
		{12EB6382-4740-4C06-BA2C-C6E47F27C411}.Debug|Any CPU.Build.0 = Debug|Any CPU
		{12EB6382-4740-4C06-BA2C-C6E47F27C411}.Release|Any CPU.ActiveCfg = Release|Any CPU
		{12EB6382-4740-4C06-BA2C-C6E47F27C411}.Release|Any CPU.Build.0 = Release|Any CPU
		{D66D43AC-C094-4061-A597-0DFFD8FC8E6E}.Debug|Any CPU.ActiveCfg = Debug|Any CPU
		{D66D43AC-C094-4061-A597-0DFFD8FC8E6E}.Debug|Any CPU.Build.0 = Debug|Any CPU
		{D66D43AC-C094-4061-A597-0DFFD8FC8E6E}.Release|Any CPU.ActiveCfg = Release|Any CPU
		{D66D43AC-C094-4061-A597-0DFFD8FC8E6E}.Release|Any CPU.Build.0 = Release|Any CPU
		{19F617E8-82E5-4956-857E-C78A42A7127C}.Debug|Any CPU.ActiveCfg = Debug|Any CPU
		{19F617E8-82E5-4956-857E-C78A42A7127C}.Debug|Any CPU.Build.0 = Debug|Any CPU
		{19F617E8-82E5-4956-857E-C78A42A7127C}.Release|Any CPU.ActiveCfg = Release|Any CPU
		{19F617E8-82E5-4956-857E-C78A42A7127C}.Release|Any CPU.Build.0 = Release|Any CPU
	EndGlobalSection
	GlobalSection(SolutionProperties) = preSolution
		HideSolutionNode = FALSE
	EndGlobalSection
	GlobalSection(ExtensibilityGlobals) = postSolution
		SolutionGuid = {F30BEC79-56A8-4C63-A311-E5947361506E}
	EndGlobalSection
EndGlobal
